
Microsoft Visual Studio Solution File, Format Version 12.00
# Visual Studio Version 17
VisualStudioVersion = 17.11.35312.102
MinimumVisualStudioVersion = 10.0.40219.1
Project("{FAE04EC0-301F-11D3-BF4B-00C04F79EFBC}") = "MacFit", "MacFit\MacFit.csproj", "{ECD9553C-B289-4AFF-931B-774436970F54}"
EndProject
Global
	GlobalSection(SolutionConfigurationPlatforms) = preSolution
		Debug|Any CPU = Debug|Any CPU
		Release|Any CPU = Release|Any CPU
	EndGlobalSection
	GlobalSection(ProjectConfigurationPlatforms) = postSolution
		{ECD9553C-B289-4AFF-931B-774436970F54}.Debug|Any CPU.ActiveCfg = Debug|Any CPU
		{ECD9553C-B289-4AFF-931B-774436970F54}.Debug|Any CPU.Build.0 = Debug|Any CPU
		{ECD9553C-B289-4AFF-931B-774436970F54}.Release|Any CPU.ActiveCfg = Release|Any CPU
		{ECD9553C-B289-4AFF-931B-774436970F54}.Release|Any CPU.Build.0 = Release|Any CPU
	EndGlobalSection
	GlobalSection(SolutionProperties) = preSolution
		HideSolutionNode = FALSE
	EndGlobalSection
	GlobalSection(ExtensibilityGlobals) = postSolution
		SolutionGuid = {DF52AFE9-1F72-4BB5-B365-6C81CDEC1F88}
	EndGlobalSection
EndGlobal
